<?xml version="1.0" encoding="UTF-8"?>
<CodeBlocks_project_file>
	<FileVersion major="1" minor="6"/>
	<Project>
		<Option title="Minority_Game_Programming"/>
		<Option makefile_is_custom="1"/>
		<Option compiler="gcc"/>
		<Option virtualFolders="CMake Files\;"/>
		<Build>
			<Target title="all">
				<Option working_dir="C:/Users/marie/Desktop/Max&apos;s Thesis/Minority Game Repository"/>
				<Option type="4"/>
				<MakeCommands>
					<Build command="C:/PROGRA~2/MINGW-~1/I686-7~1.0-P/mingw32/bin/mingw32-make.exe -f &quot;C:/Users/marie/Desktop/Max&apos;s Thesis/Minority Game Repository/Makefile&quot;  VERBOSE=1 all"/>
					<CompileFile command="C:/PROGRA~2/MINGW-~1/I686-7~1.0-P/mingw32/bin/mingw32-make.exe -f &quot;C:/Users/marie/Desktop/Max&apos;s Thesis/Minority Game Repository/Makefile&quot;  VERBOSE=1 &quot;$file&quot;"/>
					<Clean command="C:/PROGRA~2/MINGW-~1/I686-7~1.0-P/mingw32/bin/mingw32-make.exe -f &quot;C:/Users/marie/Desktop/Max&apos;s Thesis/Minority Game Repository/Makefile&quot;  VERBOSE=1 clean"/>
					<DistClean command="C:/PROGRA~2/MINGW-~1/I686-7~1.0-P/mingw32/bin/mingw32-make.exe -f &quot;C:/Users/marie/Desktop/Max&apos;s Thesis/Minority Game Repository/Makefile&quot;  VERBOSE=1 clean"/>
				</MakeCommands>
			</Target>
			<Target title="Minority_Game_Programming">
				<Option output="C:/Users/marie/Desktop/Max&apos;s Thesis/Minority Game Repository/Minority_Game_Programming.exe" prefix_auto="0" extension_auto="0"/>
				<Option working_dir="C:/Users/marie/Desktop/Max&apos;s Thesis/Minority Game Repository"/>
				<Option object_output="./"/>
				<Option type="1"/>
				<Option compiler="gcc"/>
				<Compiler>
					<Add directory="C:/Program Files (x86)/mingw-w64/i686-7.2.0-posix-dwarf-rt_v5-rev1/mingw32/bin/../lib/gcc/i686-w64-mingw32/7.2.0/include/c++"/>
					<Add directory="C:/Program Files (x86)/mingw-w64/i686-7.2.0-posix-dwarf-rt_v5-rev1/mingw32/bin/../lib/gcc/i686-w64-mingw32/7.2.0/include/c++/i686-w64-mingw32"/>
					<Add directory="C:/Program Files (x86)/mingw-w64/i686-7.2.0-posix-dwarf-rt_v5-rev1/mingw32/bin/../lib/gcc/i686-w64-mingw32/7.2.0/include/c++/backward"/>
					<Add directory="C:/Program Files (x86)/mingw-w64/i686-7.2.0-posix-dwarf-rt_v5-rev1/mingw32/bin/../lib/gcc/i686-w64-mingw32/7.2.0/include"/>
					<Add directory="C:/Program Files (x86)/mingw-w64/i686-7.2.0-posix-dwarf-rt_v5-rev1/mingw32/bin/../lib/gcc/i686-w64-mingw32/7.2.0/include-fixed"/>
					<Add directory="C:/Program Files (x86)/mingw-w64/i686-7.2.0-posix-dwarf-rt_v5-rev1/mingw32/bin/../lib/gcc/i686-w64-mingw32/7.2.0/../../../../i686-w64-mingw32/include"/>
				</Compiler>
				<MakeCommands>
					<Build command="C:/PROGRA~2/MINGW-~1/I686-7~1.0-P/mingw32/bin/mingw32-make.exe -f &quot;C:/Users/marie/Desktop/Max&apos;s Thesis/Minority Game Repository/Makefile&quot;  VERBOSE=1 Minority_Game_Programming"/>
					<CompileFile command="C:/PROGRA~2/MINGW-~1/I686-7~1.0-P/mingw32/bin/mingw32-make.exe -f &quot;C:/Users/marie/Desktop/Max&apos;s Thesis/Minority Game Repository/Makefile&quot;  VERBOSE=1 &quot;$file&quot;"/>
					<Clean command="C:/PROGRA~2/MINGW-~1/I686-7~1.0-P/mingw32/bin/mingw32-make.exe -f &quot;C:/Users/marie/Desktop/Max&apos;s Thesis/Minority Game Repository/Makefile&quot;  VERBOSE=1 clean"/>
					<DistClean command="C:/PROGRA~2/MINGW-~1/I686-7~1.0-P/mingw32/bin/mingw32-make.exe -f &quot;C:/Users/marie/Desktop/Max&apos;s Thesis/Minority Game Repository/Makefile&quot;  VERBOSE=1 clean"/>
				</MakeCommands>
			</Target>
			<Target title="Minority_Game_Programming/fast">
				<Option output="C:/Users/marie/Desktop/Max&apos;s Thesis/Minority Game Repository/Minority_Game_Programming.exe" prefix_auto="0" extension_auto="0"/>
				<Option working_dir="C:/Users/marie/Desktop/Max&apos;s Thesis/Minority Game Repository"/>
				<Option object_output="./"/>
				<Option type="1"/>
				<Option compiler="gcc"/>
				<Compiler>
					<Add directory="C:/Program Files (x86)/mingw-w64/i686-7.2.0-posix-dwarf-rt_v5-rev1/mingw32/bin/../lib/gcc/i686-w64-mingw32/7.2.0/include/c++"/>
					<Add directory="C:/Program Files (x86)/mingw-w64/i686-7.2.0-posix-dwarf-rt_v5-rev1/mingw32/bin/../lib/gcc/i686-w64-mingw32/7.2.0/include/c++/i686-w64-mingw32"/>
					<Add directory="C:/Program Files (x86)/mingw-w64/i686-7.2.0-posix-dwarf-rt_v5-rev1/mingw32/bin/../lib/gcc/i686-w64-mingw32/7.2.0/include/c++/backward"/>
					<Add directory="C:/Program Files (x86)/mingw-w64/i686-7.2.0-posix-dwarf-rt_v5-rev1/mingw32/bin/../lib/gcc/i686-w64-mingw32/7.2.0/include"/>
					<Add directory="C:/Program Files (x86)/mingw-w64/i686-7.2.0-posix-dwarf-rt_v5-rev1/mingw32/bin/../lib/gcc/i686-w64-mingw32/7.2.0/include-fixed"/>
					<Add directory="C:/Program Files (x86)/mingw-w64/i686-7.2.0-posix-dwarf-rt_v5-rev1/mingw32/bin/../lib/gcc/i686-w64-mingw32/7.2.0/../../../../i686-w64-mingw32/include"/>
				</Compiler>
				<MakeCommands>
					<Build command="C:/PROGRA~2/MINGW-~1/I686-7~1.0-P/mingw32/bin/mingw32-make.exe -f &quot;C:/Users/marie/Desktop/Max&apos;s Thesis/Minority Game Repository/Makefile&quot;  VERBOSE=1 Minority_Game_Programming/fast"/>
					<CompileFile command="C:/PROGRA~2/MINGW-~1/I686-7~1.0-P/mingw32/bin/mingw32-make.exe -f &quot;C:/Users/marie/Desktop/Max&apos;s Thesis/Minority Game Repository/Makefile&quot;  VERBOSE=1 &quot;$file&quot;"/>
					<Clean command="C:/PROGRA~2/MINGW-~1/I686-7~1.0-P/mingw32/bin/mingw32-make.exe -f &quot;C:/Users/marie/Desktop/Max&apos;s Thesis/Minority Game Repository/Makefile&quot;  VERBOSE=1 clean"/>
					<DistClean command="C:/PROGRA~2/MINGW-~1/I686-7~1.0-P/mingw32/bin/mingw32-make.exe -f &quot;C:/Users/marie/Desktop/Max&apos;s Thesis/Minority Game Repository/Makefile&quot;  VERBOSE=1 clean"/>
				</MakeCommands>
			</Target>
			<Target title="Minority_Game_UnitTests">
				<Option output="C:/Users/marie/Desktop/Max&apos;s Thesis/Minority Game Repository/Minority_Game_UnitTests.exe" prefix_auto="0" extension_auto="0"/>
				<Option working_dir="C:/Users/marie/Desktop/Max&apos;s Thesis/Minority Game Repository"/>
				<Option object_output="./"/>
				<Option type="1"/>
				<Option compiler="gcc"/>
				<Compiler>
					<Add directory="C:/Program Files (x86)/mingw-w64/i686-7.2.0-posix-dwarf-rt_v5-rev1/mingw32/bin/../lib/gcc/i686-w64-mingw32/7.2.0/include/c++"/>
					<Add directory="C:/Program Files (x86)/mingw-w64/i686-7.2.0-posix-dwarf-rt_v5-rev1/mingw32/bin/../lib/gcc/i686-w64-mingw32/7.2.0/include/c++/i686-w64-mingw32"/>
					<Add directory="C:/Program Files (x86)/mingw-w64/i686-7.2.0-posix-dwarf-rt_v5-rev1/mingw32/bin/../lib/gcc/i686-w64-mingw32/7.2.0/include/c++/backward"/>
					<Add directory="C:/Program Files (x86)/mingw-w64/i686-7.2.0-posix-dwarf-rt_v5-rev1/mingw32/bin/../lib/gcc/i686-w64-mingw32/7.2.0/include"/>
					<Add directory="C:/Program Files (x86)/mingw-w64/i686-7.2.0-posix-dwarf-rt_v5-rev1/mingw32/bin/../lib/gcc/i686-w64-mingw32/7.2.0/include-fixed"/>
					<Add directory="C:/Program Files (x86)/mingw-w64/i686-7.2.0-posix-dwarf-rt_v5-rev1/mingw32/bin/../lib/gcc/i686-w64-mingw32/7.2.0/../../../../i686-w64-mingw32/include"/>
				</Compiler>
				<MakeCommands>
					<Build command="C:/PROGRA~2/MINGW-~1/I686-7~1.0-P/mingw32/bin/mingw32-make.exe -f &quot;C:/Users/marie/Desktop/Max&apos;s Thesis/Minority Game Repository/Makefile&quot;  VERBOSE=1 Minority_Game_UnitTests"/>
					<CompileFile command="C:/PROGRA~2/MINGW-~1/I686-7~1.0-P/mingw32/bin/mingw32-make.exe -f &quot;C:/Users/marie/Desktop/Max&apos;s Thesis/Minority Game Repository/Makefile&quot;  VERBOSE=1 &quot;$file&quot;"/>
					<Clean command="C:/PROGRA~2/MINGW-~1/I686-7~1.0-P/mingw32/bin/mingw32-make.exe -f &quot;C:/Users/marie/Desktop/Max&apos;s Thesis/Minority Game Repository/Makefile&quot;  VERBOSE=1 clean"/>
					<DistClean command="C:/PROGRA~2/MINGW-~1/I686-7~1.0-P/mingw32/bin/mingw32-make.exe -f &quot;C:/Users/marie/Desktop/Max&apos;s Thesis/Minority Game Repository/Makefile&quot;  VERBOSE=1 clean"/>
				</MakeCommands>
			</Target>
			<Target title="Minority_Game_UnitTests/fast">
				<Option output="C:/Users/marie/Desktop/Max&apos;s Thesis/Minority Game Repository/Minority_Game_UnitTests.exe" prefix_auto="0" extension_auto="0"/>
				<Option working_dir="C:/Users/marie/Desktop/Max&apos;s Thesis/Minority Game Repository"/>
				<Option object_output="./"/>
				<Option type="1"/>
				<Option compiler="gcc"/>
				<Compiler>
					<Add directory="C:/Program Files (x86)/mingw-w64/i686-7.2.0-posix-dwarf-rt_v5-rev1/mingw32/bin/../lib/gcc/i686-w64-mingw32/7.2.0/include/c++"/>
					<Add directory="C:/Program Files (x86)/mingw-w64/i686-7.2.0-posix-dwarf-rt_v5-rev1/mingw32/bin/../lib/gcc/i686-w64-mingw32/7.2.0/include/c++/i686-w64-mingw32"/>
					<Add directory="C:/Program Files (x86)/mingw-w64/i686-7.2.0-posix-dwarf-rt_v5-rev1/mingw32/bin/../lib/gcc/i686-w64-mingw32/7.2.0/include/c++/backward"/>
					<Add directory="C:/Program Files (x86)/mingw-w64/i686-7.2.0-posix-dwarf-rt_v5-rev1/mingw32/bin/../lib/gcc/i686-w64-mingw32/7.2.0/include"/>
					<Add directory="C:/Program Files (x86)/mingw-w64/i686-7.2.0-posix-dwarf-rt_v5-rev1/mingw32/bin/../lib/gcc/i686-w64-mingw32/7.2.0/include-fixed"/>
					<Add directory="C:/Program Files (x86)/mingw-w64/i686-7.2.0-posix-dwarf-rt_v5-rev1/mingw32/bin/../lib/gcc/i686-w64-mingw32/7.2.0/../../../../i686-w64-mingw32/include"/>
				</Compiler>
				<MakeCommands>
					<Build command="C:/PROGRA~2/MINGW-~1/I686-7~1.0-P/mingw32/bin/mingw32-make.exe -f &quot;C:/Users/marie/Desktop/Max&apos;s Thesis/Minority Game Repository/Makefile&quot;  VERBOSE=1 Minority_Game_UnitTests/fast"/>
					<CompileFile command="C:/PROGRA~2/MINGW-~1/I686-7~1.0-P/mingw32/bin/mingw32-make.exe -f &quot;C:/Users/marie/Desktop/Max&apos;s Thesis/Minority Game Repository/Makefile&quot;  VERBOSE=1 &quot;$file&quot;"/>
					<Clean command="C:/PROGRA~2/MINGW-~1/I686-7~1.0-P/mingw32/bin/mingw32-make.exe -f &quot;C:/Users/marie/Desktop/Max&apos;s Thesis/Minority Game Repository/Makefile&quot;  VERBOSE=1 clean"/>
					<DistClean command="C:/PROGRA~2/MINGW-~1/I686-7~1.0-P/mingw32/bin/mingw32-make.exe -f &quot;C:/Users/marie/Desktop/Max&apos;s Thesis/Minority Game Repository/Makefile&quot;  VERBOSE=1 clean"/>
				</MakeCommands>
			</Target>
			<Target title="edit_cache">
				<Option working_dir="C:/Users/marie/Desktop/Max&apos;s Thesis/Minority Game Repository"/>
				<Option type="4"/>
				<MakeCommands>
					<Build command="C:/PROGRA~2/MINGW-~1/I686-7~1.0-P/mingw32/bin/mingw32-make.exe -f &quot;C:/Users/marie/Desktop/Max&apos;s Thesis/Minority Game Repository/Makefile&quot;  VERBOSE=1 edit_cache"/>
					<CompileFile command="C:/PROGRA~2/MINGW-~1/I686-7~1.0-P/mingw32/bin/mingw32-make.exe -f &quot;C:/Users/marie/Desktop/Max&apos;s Thesis/Minority Game Repository/Makefile&quot;  VERBOSE=1 &quot;$file&quot;"/>
					<Clean command="C:/PROGRA~2/MINGW-~1/I686-7~1.0-P/mingw32/bin/mingw32-make.exe -f &quot;C:/Users/marie/Desktop/Max&apos;s Thesis/Minority Game Repository/Makefile&quot;  VERBOSE=1 clean"/>
					<DistClean command="C:/PROGRA~2/MINGW-~1/I686-7~1.0-P/mingw32/bin/mingw32-make.exe -f &quot;C:/Users/marie/Desktop/Max&apos;s Thesis/Minority Game Repository/Makefile&quot;  VERBOSE=1 clean"/>
				</MakeCommands>
			</Target>
			<Target title="Scratch_File">
				<Option output="C:/Users/marie/Desktop/Max&apos;s Thesis/Minority Game Repository/Scratch_File.exe" prefix_auto="0" extension_auto="0"/>
				<Option working_dir="C:/Users/marie/Desktop/Max&apos;s Thesis/Minority Game Repository"/>
				<Option object_output="./"/>
				<Option type="1"/>
				<Option compiler="gcc"/>
				<Compiler>
					<Add directory="C:/Program Files (x86)/mingw-w64/i686-7.2.0-posix-dwarf-rt_v5-rev1/mingw32/bin/../lib/gcc/i686-w64-mingw32/7.2.0/include/c++"/>
					<Add directory="C:/Program Files (x86)/mingw-w64/i686-7.2.0-posix-dwarf-rt_v5-rev1/mingw32/bin/../lib/gcc/i686-w64-mingw32/7.2.0/include/c++/i686-w64-mingw32"/>
					<Add directory="C:/Program Files (x86)/mingw-w64/i686-7.2.0-posix-dwarf-rt_v5-rev1/mingw32/bin/../lib/gcc/i686-w64-mingw32/7.2.0/include/c++/backward"/>
					<Add directory="C:/Program Files (x86)/mingw-w64/i686-7.2.0-posix-dwarf-rt_v5-rev1/mingw32/bin/../lib/gcc/i686-w64-mingw32/7.2.0/include"/>
					<Add directory="C:/Program Files (x86)/mingw-w64/i686-7.2.0-posix-dwarf-rt_v5-rev1/mingw32/bin/../lib/gcc/i686-w64-mingw32/7.2.0/include-fixed"/>
					<Add directory="C:/Program Files (x86)/mingw-w64/i686-7.2.0-posix-dwarf-rt_v5-rev1/mingw32/bin/../lib/gcc/i686-w64-mingw32/7.2.0/../../../../i686-w64-mingw32/include"/>
				</Compiler>
				<MakeCommands>
					<Build command="C:/PROGRA~2/MINGW-~1/I686-7~1.0-P/mingw32/bin/mingw32-make.exe -f &quot;C:/Users/marie/Desktop/Max&apos;s Thesis/Minority Game Repository/Makefile&quot;  VERBOSE=1 Scratch_File"/>
					<CompileFile command="C:/PROGRA~2/MINGW-~1/I686-7~1.0-P/mingw32/bin/mingw32-make.exe -f &quot;C:/Users/marie/Desktop/Max&apos;s Thesis/Minority Game Repository/Makefile&quot;  VERBOSE=1 &quot;$file&quot;"/>
					<Clean command="C:/PROGRA~2/MINGW-~1/I686-7~1.0-P/mingw32/bin/mingw32-make.exe -f &quot;C:/Users/marie/Desktop/Max&apos;s Thesis/Minority Game Repository/Makefile&quot;  VERBOSE=1 clean"/>
					<DistClean command="C:/PROGRA~2/MINGW-~1/I686-7~1.0-P/mingw32/bin/mingw32-make.exe -f &quot;C:/Users/marie/Desktop/Max&apos;s Thesis/Minority Game Repository/Makefile&quot;  VERBOSE=1 clean"/>
				</MakeCommands>
			</Target>
			<Target title="Scratch_File/fast">
				<Option output="C:/Users/marie/Desktop/Max&apos;s Thesis/Minority Game Repository/Scratch_File.exe" prefix_auto="0" extension_auto="0"/>
				<Option working_dir="C:/Users/marie/Desktop/Max&apos;s Thesis/Minority Game Repository"/>
				<Option object_output="./"/>
				<Option type="1"/>
				<Option compiler="gcc"/>
				<Compiler>
					<Add directory="C:/Program Files (x86)/mingw-w64/i686-7.2.0-posix-dwarf-rt_v5-rev1/mingw32/bin/../lib/gcc/i686-w64-mingw32/7.2.0/include/c++"/>
					<Add directory="C:/Program Files (x86)/mingw-w64/i686-7.2.0-posix-dwarf-rt_v5-rev1/mingw32/bin/../lib/gcc/i686-w64-mingw32/7.2.0/include/c++/i686-w64-mingw32"/>
					<Add directory="C:/Program Files (x86)/mingw-w64/i686-7.2.0-posix-dwarf-rt_v5-rev1/mingw32/bin/../lib/gcc/i686-w64-mingw32/7.2.0/include/c++/backward"/>
					<Add directory="C:/Program Files (x86)/mingw-w64/i686-7.2.0-posix-dwarf-rt_v5-rev1/mingw32/bin/../lib/gcc/i686-w64-mingw32/7.2.0/include"/>
					<Add directory="C:/Program Files (x86)/mingw-w64/i686-7.2.0-posix-dwarf-rt_v5-rev1/mingw32/bin/../lib/gcc/i686-w64-mingw32/7.2.0/include-fixed"/>
					<Add directory="C:/Program Files (x86)/mingw-w64/i686-7.2.0-posix-dwarf-rt_v5-rev1/mingw32/bin/../lib/gcc/i686-w64-mingw32/7.2.0/../../../../i686-w64-mingw32/include"/>
				</Compiler>
				<MakeCommands>
					<Build command="C:/PROGRA~2/MINGW-~1/I686-7~1.0-P/mingw32/bin/mingw32-make.exe -f &quot;C:/Users/marie/Desktop/Max&apos;s Thesis/Minority Game Repository/Makefile&quot;  VERBOSE=1 Scratch_File/fast"/>
					<CompileFile command="C:/PROGRA~2/MINGW-~1/I686-7~1.0-P/mingw32/bin/mingw32-make.exe -f &quot;C:/Users/marie/Desktop/Max&apos;s Thesis/Minority Game Repository/Makefile&quot;  VERBOSE=1 &quot;$file&quot;"/>
					<Clean command="C:/PROGRA~2/MINGW-~1/I686-7~1.0-P/mingw32/bin/mingw32-make.exe -f &quot;C:/Users/marie/Desktop/Max&apos;s Thesis/Minority Game Repository/Makefile&quot;  VERBOSE=1 clean"/>
					<DistClean command="C:/PROGRA~2/MINGW-~1/I686-7~1.0-P/mingw32/bin/mingw32-make.exe -f &quot;C:/Users/marie/Desktop/Max&apos;s Thesis/Minority Game Repository/Makefile&quot;  VERBOSE=1 clean"/>
				</MakeCommands>
			</Target>
			<Target title="rebuild_cache">
				<Option working_dir="C:/Users/marie/Desktop/Max&apos;s Thesis/Minority Game Repository"/>
				<Option type="4"/>
				<MakeCommands>
					<Build command="C:/PROGRA~2/MINGW-~1/I686-7~1.0-P/mingw32/bin/mingw32-make.exe -f &quot;C:/Users/marie/Desktop/Max&apos;s Thesis/Minority Game Repository/Makefile&quot;  VERBOSE=1 rebuild_cache"/>
					<CompileFile command="C:/PROGRA~2/MINGW-~1/I686-7~1.0-P/mingw32/bin/mingw32-make.exe -f &quot;C:/Users/marie/Desktop/Max&apos;s Thesis/Minority Game Repository/Makefile&quot;  VERBOSE=1 &quot;$file&quot;"/>
					<Clean command="C:/PROGRA~2/MINGW-~1/I686-7~1.0-P/mingw32/bin/mingw32-make.exe -f &quot;C:/Users/marie/Desktop/Max&apos;s Thesis/Minority Game Repository/Makefile&quot;  VERBOSE=1 clean"/>
					<DistClean command="C:/PROGRA~2/MINGW-~1/I686-7~1.0-P/mingw32/bin/mingw32-make.exe -f &quot;C:/Users/marie/Desktop/Max&apos;s Thesis/Minority Game Repository/Makefile&quot;  VERBOSE=1 clean"/>
				</MakeCommands>
			</Target>
		</Build>
		<Unit filename="C:/Users/marie/Desktop/Max&apos;s Thesis/Minority Game Repository/Agents and Evolution Strategies.cpp">
			<Option target="Minority_Game_Programming"/>
			<Option target="Minority_Game_UnitTests"/>
		</Unit>
		<Unit filename="C:/Users/marie/Desktop/Max&apos;s Thesis/Minority Game Repository/Agents and Evolution Strategies.h">
			<Option target="Minority_Game_Programming"/>
			<Option target="Minority_Game_UnitTests"/>
		</Unit>
		<Unit filename="C:/Users/marie/Desktop/Max&apos;s Thesis/Minority Game Repository/Evolutionary_Minority_Game.cpp">
			<Option target="Minority_Game_Programming"/>
			<Option target="Minority_Game_UnitTests"/>
		</Unit>
		<Unit filename="C:/Users/marie/Desktop/Max&apos;s Thesis/Minority Game Repository/Evolutionary_Minority_Game.h">
			<Option target="Minority_Game_Programming"/>
			<Option target="Minority_Game_UnitTests"/>
		</Unit>
		<Unit filename="C:/Users/marie/Desktop/Max&apos;s Thesis/Minority Game Repository/Evolutionary_Minority_Game_Test.cpp">
			<Option target="Minority_Game_UnitTests"/>
		</Unit>
		<Unit filename="C:/Users/marie/Desktop/Max&apos;s Thesis/Minority Game Repository/Minority_Game_Utilities.cpp">
			<Option target="Minority_Game_Programming"/>
			<Option target="Minority_Game_UnitTests"/>
		</Unit>
		<Unit filename="C:/Users/marie/Desktop/Max&apos;s Thesis/Minority Game Repository/Minority_Game_Utilities.h">
			<Option target="Minority_Game_Programming"/>
			<Option target="Minority_Game_UnitTests"/>
		</Unit>
		<Unit filename="C:/Users/marie/Desktop/Max&apos;s Thesis/Minority Game Repository/Scratch_File.cpp">
			<Option target="Scratch_File"/>
		</Unit>
		<Unit filename="C:/Users/marie/Desktop/Max&apos;s Thesis/Minority Game Repository/main.cpp">
			<Option target="Minority_Game_Programming"/>
		</Unit>
		<Unit filename="C:/Users/marie/Desktop/Max&apos;s Thesis/Minority Game Repository/test_main.cpp">
			<Option target="Minority_Game_UnitTests"/>
		</Unit>
		<Unit filename="C:/Users/marie/Desktop/Max&apos;s Thesis/Minority Game Repository/CMakeLists.txt">
			<Option virtualFolder="CMake Files\"/>
		</Unit>
	</Project>
</CodeBlocks_project_file>
